
Microsoft Visual Studio Solution File, Format Version 12.00
# Visual Studio 11
Project("{FAE04EC0-301F-11D3-BF4B-00C04F79EFBC}") = "Unity.WinRT", "Unity\Src\Unity.WinRT.csproj", "{C981D8E3-9A29-4DEE-8E64-ED6DB30A2D94}"
EndProject
Project("{FAE04EC0-301F-11D3-BF4B-00C04F79EFBC}") = "Unity.Tests.WinRT", "Unity\Tests\Unity.WinRT.Tests\Unity.Tests.WinRT.csproj", "{D8DE13B0-238A-4B1F-8B05-2A54E612E8E8}"
EndProject
Global
	GlobalSection(SolutionConfigurationPlatforms) = preSolution
		Debug|Any CPU = Debug|Any CPU
		Release|Any CPU = Release|Any CPU
	EndGlobalSection
	GlobalSection(ProjectConfigurationPlatforms) = postSolution
		{C981D8E3-9A29-4DEE-8E64-ED6DB30A2D94}.Debug|Any CPU.ActiveCfg = Debug|Any CPU
		{C981D8E3-9A29-4DEE-8E64-ED6DB30A2D94}.Debug|Any CPU.Build.0 = Debug|Any CPU
		{C981D8E3-9A29-4DEE-8E64-ED6DB30A2D94}.Release|Any CPU.ActiveCfg = Release|Any CPU
		{C981D8E3-9A29-4DEE-8E64-ED6DB30A2D94}.Release|Any CPU.Build.0 = Release|Any CPU
		{D8DE13B0-238A-4B1F-8B05-2A54E612E8E8}.Debug|Any CPU.ActiveCfg = Debug|Any CPU
		{D8DE13B0-238A-4B1F-8B05-2A54E612E8E8}.Debug|Any CPU.Build.0 = Debug|Any CPU
		{D8DE13B0-238A-4B1F-8B05-2A54E612E8E8}.Debug|Any CPU.Deploy.0 = Debug|Any CPU
		{D8DE13B0-238A-4B1F-8B05-2A54E612E8E8}.Release|Any CPU.ActiveCfg = Release|Any CPU
		{D8DE13B0-238A-4B1F-8B05-2A54E612E8E8}.Release|Any CPU.Build.0 = Release|Any CPU
		{D8DE13B0-238A-4B1F-8B05-2A54E612E8E8}.Release|Any CPU.Deploy.0 = Release|Any CPU
	EndGlobalSection
	GlobalSection(SolutionProperties) = preSolution
		HideSolutionNode = FALSE
	EndGlobalSection
EndGlobal
